
Microsoft Visual Studio Solution File, Format Version 12.00
# Visual Studio Version 16
VisualStudioVersion = 16.0.29920.165
MinimumVisualStudioVersion = 10.0.40219.1
Project("{9A19103F-16F7-4668-BE54-9A1E7A4F7556}") = "Tomoiaga_Andrei-Bogdan_Lab2", "Tomoiaga_Andrei-Bogdan_Lab2.csproj", "{F93EFD09-A993-4B39-8807-BD31DFF30D99}"
EndProject
Project("{FAE04EC0-301F-11D3-BF4B-00C04F79EFBC}") = "LibraryModel", "..\LibraryModel\LibraryModel.csproj", "{6D5EB821-CAD0-49CF-88A4-979F4151C8D6}"
EndProject
Project("{FAE04EC0-301F-11D3-BF4B-00C04F79EFBC}") = "LibraryWebAPI", "..\LibraryWebAPI\LibraryWebAPI.csproj", "{4A3D7F31-FDF5-464C-B1C2-E9B0DD8E0669}"
EndProject
Global
	GlobalSection(SolutionConfigurationPlatforms) = preSolution
		Debug|Any CPU = Debug|Any CPU
		Release|Any CPU = Release|Any CPU
	EndGlobalSection
	GlobalSection(ProjectConfigurationPlatforms) = postSolution
		{F93EFD09-A993-4B39-8807-BD31DFF30D99}.Debug|Any CPU.ActiveCfg = Debug|Any CPU
		{F93EFD09-A993-4B39-8807-BD31DFF30D99}.Debug|Any CPU.Build.0 = Debug|Any CPU
		{F93EFD09-A993-4B39-8807-BD31DFF30D99}.Release|Any CPU.ActiveCfg = Release|Any CPU
		{F93EFD09-A993-4B39-8807-BD31DFF30D99}.Release|Any CPU.Build.0 = Release|Any CPU
		{6D5EB821-CAD0-49CF-88A4-979F4151C8D6}.Debug|Any CPU.ActiveCfg = Debug|Any CPU
		{6D5EB821-CAD0-49CF-88A4-979F4151C8D6}.Debug|Any CPU.Build.0 = Debug|Any CPU
		{6D5EB821-CAD0-49CF-88A4-979F4151C8D6}.Release|Any CPU.ActiveCfg = Release|Any CPU
		{6D5EB821-CAD0-49CF-88A4-979F4151C8D6}.Release|Any CPU.Build.0 = Release|Any CPU
		{4A3D7F31-FDF5-464C-B1C2-E9B0DD8E0669}.Debug|Any CPU.ActiveCfg = Debug|Any CPU
		{4A3D7F31-FDF5-464C-B1C2-E9B0DD8E0669}.Debug|Any CPU.Build.0 = Debug|Any CPU
		{4A3D7F31-FDF5-464C-B1C2-E9B0DD8E0669}.Release|Any CPU.ActiveCfg = Release|Any CPU
		{4A3D7F31-FDF5-464C-B1C2-E9B0DD8E0669}.Release|Any CPU.Build.0 = Release|Any CPU
	EndGlobalSection
	GlobalSection(SolutionProperties) = preSolution
		HideSolutionNode = FALSE
	EndGlobalSection
	GlobalSection(ExtensibilityGlobals) = postSolution
		SolutionGuid = {98598AA9-A7E1-4A57-82AD-D41F5FD7B18F}
	EndGlobalSection
EndGlobal
